{
  "name": "@prenda-school/experiment-gpr-consumer",
  "version": "1.0.0",
  "lockfileVersion": 2,
  "requires": true,
  "packages": {
    "": {
      "name": "@prenda-school/experiment-gpr-consumer",
      "version": "1.0.0",
      "license": "ISC",
      "dependencies": {
        "@prenda-school/experiment-gpr-multiple-first": "^1.0.0",
        "@prenda-school/experiment-gpr-multiple-second": "^1.0.0",
        "@prenda-school/experiment-gpr-multiple-third": "^1.0.0",
        "@prenda-school/experiment-gpr-single": "^1.0.0",
        "pluralize": "^8.0.0"
      },
      "devDependencies": {
        "@types/node": "^16.11.7"
      }
    },
    "node_modules/@prenda-school/experiment-gpr-multiple-first": {
      "version": "1.0.0",
      "resolved": "https://npm.pkg.github.com/download/@prenda-school/experiment-gpr-multiple-first/1.0.0/b5d1388fc3aaf66d0a80ed433a3d777a1ac3a2bac28e19ebd6b1f05a00574ce9",
      "integrity": "sha512-6WBoaJWK+eBcYGvnM71CDE920t54OvZWa7/yg2NX7J8Z55YsA/zBWrzKijDaZBOIWuU5mjDL3XJBbxh7ZchqPw==",
      "license": "ISC"
    },
    "node_modules/@prenda-school/experiment-gpr-multiple-second": {
      "version": "1.0.0",
      "resolved": "https://npm.pkg.github.com/download/@prenda-school/experiment-gpr-multiple-second/1.0.0/5a419acbb06be52262d6739708ad931fe953695df52b3220c99645a27b859c7b",
      "integrity": "sha512-h5qONTcy8NFpsLTEyQdhpY8xMQiNsX2U7oSGHm6lCnglNZywv/2rokslgggH+BrP+P8Q/gsi7MmX8LxvJYEJHw==",
      "license": "ISC"
    },
    "node_modules/@prenda-school/experiment-gpr-multiple-third": {
      "version": "1.0.0",
      "resolved": "https://npm.pkg.github.com/download/@prenda-school/experiment-gpr-multiple-third/1.0.0/f5adc377a5705a1a4ad35ea4534d6a6580a61402864c01abe8a267c5e340d2f6",
      "integrity": "sha512-XMgWvAxgVRn0CPWVXWbcnBs56ofyEooZgGIjISla0GqMMOQjOnvlWdJ/UhuBenA4w2u4ju1Vzf06euK2ysK2Sg==",
      "license": "ISC"
    },
    "node_modules/@prenda-school/experiment-gpr-single": {
      "version": "1.0.0",
      "resolved": "https://npm.pkg.github.com/download/@prenda-school/experiment-gpr-single/1.0.0/870236463a3d27110b90bf34a8dd673cd47444f90f870058783afb8d4e7e887f",
      "integrity": "sha512-R6pX/BxO4IR9Ue1tTyWSgu9/QYV2AAFdP9Lu5P6uFkX69RqYRs86E+LKqP6SAWvLu7CRnz4BTPvDxJnj0+eR4w==",
      "license": "ISC"
    },
    "node_modules/@types/node": {
      "version": "16.11.7",
      "resolved": "https://registry.npmjs.org/@types/node/-/node-16.11.7.tgz",
      "integrity": "sha512-QB5D2sqfSjCmTuWcBWyJ+/44bcjO7VbjSbOE0ucoVbAsSNQc4Lt6QkgkVXkTDwkL4z/beecZNDvVX15D4P8Jbw==",
      "dev": true
    },
    "node_modules/pluralize": {
      "version": "8.0.0",
      "resolved": "https://registry.npmjs.org/pluralize/-/pluralize-8.0.0.tgz",
      "integrity": "sha512-Nc3IT5yHzflTfbjgqWcCPpo7DaKy4FnpB0l/zCAW0Tc7jxAiuqSxHasntB3D7887LSrA93kDJ9IXovxJYxyLCA==",
      "engines": {
        "node": ">=4"
      }
    }
  },
  "dependencies": {
    "@prenda-school/experiment-gpr-multiple-first": {
      "version": "1.0.0",
      "resolved": "https://npm.pkg.github.com/download/@prenda-school/experiment-gpr-multiple-first/1.0.0/b5d1388fc3aaf66d0a80ed433a3d777a1ac3a2bac28e19ebd6b1f05a00574ce9",
      "integrity": "sha512-6WBoaJWK+eBcYGvnM71CDE920t54OvZWa7/yg2NX7J8Z55YsA/zBWrzKijDaZBOIWuU5mjDL3XJBbxh7ZchqPw=="
    },
    "@prenda-school/experiment-gpr-multiple-second": {
      "version": "1.0.0",
      "resolved": "https://npm.pkg.github.com/download/@prenda-school/experiment-gpr-multiple-second/1.0.0/5a419acbb06be52262d6739708ad931fe953695df52b3220c99645a27b859c7b",
      "integrity": "sha512-h5qONTcy8NFpsLTEyQdhpY8xMQiNsX2U7oSGHm6lCnglNZywv/2rokslgggH+BrP+P8Q/gsi7MmX8LxvJYEJHw=="
    },
    "@prenda-school/experiment-gpr-multiple-third": {
      "version": "1.0.0",
      "resolved": "https://npm.pkg.github.com/download/@prenda-school/experiment-gpr-multiple-third/1.0.0/f5adc377a5705a1a4ad35ea4534d6a6580a61402864c01abe8a267c5e340d2f6",
      "integrity": "sha512-XMgWvAxgVRn0CPWVXWbcnBs56ofyEooZgGIjISla0GqMMOQjOnvlWdJ/UhuBenA4w2u4ju1Vzf06euK2ysK2Sg=="
    },
    "@prenda-school/experiment-gpr-single": {
      "version": "1.0.0",
      "resolved": "https://npm.pkg.github.com/download/@prenda-school/experiment-gpr-single/1.0.0/870236463a3d27110b90bf34a8dd673cd47444f90f870058783afb8d4e7e887f",
      "integrity": "sha512-R6pX/BxO4IR9Ue1tTyWSgu9/QYV2AAFdP9Lu5P6uFkX69RqYRs86E+LKqP6SAWvLu7CRnz4BTPvDxJnj0+eR4w=="
    },
    "@types/node": {
      "version": "16.11.7",
      "resolved": "https://registry.npmjs.org/@types/node/-/node-16.11.7.tgz",
      "integrity": "sha512-QB5D2sqfSjCmTuWcBWyJ+/44bcjO7VbjSbOE0ucoVbAsSNQc4Lt6QkgkVXkTDwkL4z/beecZNDvVX15D4P8Jbw==",
      "dev": true
    },
    "pluralize": {
      "version": "8.0.0",
      "resolved": "https://registry.npmjs.org/pluralize/-/pluralize-8.0.0.tgz",
      "integrity": "sha512-Nc3IT5yHzflTfbjgqWcCPpo7DaKy4FnpB0l/zCAW0Tc7jxAiuqSxHasntB3D7887LSrA93kDJ9IXovxJYxyLCA=="
    }
  }
}
